
Microsoft Visual Studio Solution File, Format Version 12.00
# Visual Studio Version 17
VisualStudioVersion = 17.1.32414.318
MinimumVisualStudioVersion = 10.0.40219.1
Project("{9A19103F-16F7-4668-BE54-9A1E7A4F7556}") = "asp.net web api", "asp.net web api.csproj", "{D8F206A3-7443-495E-8BAF-11586CAC95E0}"
EndProject
Project("{9A19103F-16F7-4668-BE54-9A1E7A4F7556}") = "Business Layer", "..\Business Layer\Business Layer.csproj", "{36C59CE2-CF2D-4D82-A0DE-33672FC86E5C}"
EndProject
Project("{9A19103F-16F7-4668-BE54-9A1E7A4F7556}") = "DataAccess Layer", "..\DataAccess Layer\DataAccess Layer.csproj", "{9F3CF7F2-77E3-441E-8CA3-2B382F921B75}"
EndProject
Project("{9A19103F-16F7-4668-BE54-9A1E7A4F7556}") = "Domain Layer", "..\Domain Layer\Domain Layer.csproj", "{4A55CF4C-ED17-4070-A192-F548BF8BD30F}"
EndProject
Global
	GlobalSection(SolutionConfigurationPlatforms) = preSolution
		Debug|Any CPU = Debug|Any CPU
		Release|Any CPU = Release|Any CPU
	EndGlobalSection
	GlobalSection(ProjectConfigurationPlatforms) = postSolution
		{D8F206A3-7443-495E-8BAF-11586CAC95E0}.Debug|Any CPU.ActiveCfg = Debug|Any CPU
		{D8F206A3-7443-495E-8BAF-11586CAC95E0}.Debug|Any CPU.Build.0 = Debug|Any CPU
		{D8F206A3-7443-495E-8BAF-11586CAC95E0}.Release|Any CPU.ActiveCfg = Release|Any CPU
		{D8F206A3-7443-495E-8BAF-11586CAC95E0}.Release|Any CPU.Build.0 = Release|Any CPU
		{36C59CE2-CF2D-4D82-A0DE-33672FC86E5C}.Debug|Any CPU.ActiveCfg = Debug|Any CPU
		{36C59CE2-CF2D-4D82-A0DE-33672FC86E5C}.Debug|Any CPU.Build.0 = Debug|Any CPU
		{36C59CE2-CF2D-4D82-A0DE-33672FC86E5C}.Release|Any CPU.ActiveCfg = Release|Any CPU
		{36C59CE2-CF2D-4D82-A0DE-33672FC86E5C}.Release|Any CPU.Build.0 = Release|Any CPU
		{9F3CF7F2-77E3-441E-8CA3-2B382F921B75}.Debug|Any CPU.ActiveCfg = Debug|Any CPU
		{9F3CF7F2-77E3-441E-8CA3-2B382F921B75}.Debug|Any CPU.Build.0 = Debug|Any CPU
		{9F3CF7F2-77E3-441E-8CA3-2B382F921B75}.Release|Any CPU.ActiveCfg = Release|Any CPU
		{9F3CF7F2-77E3-441E-8CA3-2B382F921B75}.Release|Any CPU.Build.0 = Release|Any CPU
		{4A55CF4C-ED17-4070-A192-F548BF8BD30F}.Debug|Any CPU.ActiveCfg = Debug|Any CPU
		{4A55CF4C-ED17-4070-A192-F548BF8BD30F}.Debug|Any CPU.Build.0 = Debug|Any CPU
		{4A55CF4C-ED17-4070-A192-F548BF8BD30F}.Release|Any CPU.ActiveCfg = Release|Any CPU
		{4A55CF4C-ED17-4070-A192-F548BF8BD30F}.Release|Any CPU.Build.0 = Release|Any CPU
	EndGlobalSection
	GlobalSection(SolutionProperties) = preSolution
		HideSolutionNode = FALSE
	EndGlobalSection
	GlobalSection(ExtensibilityGlobals) = postSolution
		SolutionGuid = {6D4DA593-DE26-49E7-A4AF-727F05F8E9A4}
	EndGlobalSection
EndGlobal
